
Microsoft Visual Studio Solution File, Format Version 12.00
# Visual Studio Version 16
VisualStudioVersion = 16.0.29709.97
MinimumVisualStudioVersion = 10.0.40219.1
Project("{FAE04EC0-301F-11D3-BF4B-00C04F79EFBC}") = "Assignment1", "Assignment1\Assignment1.csproj", "{7307CE36-84FF-4C49-A0DE-E7902A485665}"
EndProject
Global
	GlobalSection(SolutionConfigurationPlatforms) = preSolution
		Debug|Any CPU = Debug|Any CPU
		Release|Any CPU = Release|Any CPU
	EndGlobalSection
	GlobalSection(ProjectConfigurationPlatforms) = postSolution
		{7307CE36-84FF-4C49-A0DE-E7902A485665}.Debug|Any CPU.ActiveCfg = Debug|Any CPU
		{7307CE36-84FF-4C49-A0DE-E7902A485665}.Debug|Any CPU.Build.0 = Debug|Any CPU
		{7307CE36-84FF-4C49-A0DE-E7902A485665}.Release|Any CPU.ActiveCfg = Release|Any CPU
		{7307CE36-84FF-4C49-A0DE-E7902A485665}.Release|Any CPU.Build.0 = Release|Any CPU
	EndGlobalSection
	GlobalSection(SolutionProperties) = preSolution
		HideSolutionNode = FALSE
	EndGlobalSection
	GlobalSection(ExtensibilityGlobals) = postSolution
		SolutionGuid = {00D7CC8C-3A4D-458A-B18D-65E6F3172870}
	EndGlobalSection
EndGlobal
